
Microsoft Visual Studio Solution File, Format Version 12.00
# Visual Studio Version 17
VisualStudioVersion = 17.7.34221.43
MinimumVisualStudioVersion = 10.0.40219.1
Project("{FAE04EC0-301F-11D3-BF4B-00C04F79EFBC}") = "Truta_Diana_Lab2", "Truta_Diana_Lab2\Truta_Diana_Lab2.csproj", "{70EC1915-9879-41B3-92D2-96CDABA8E815}"
EndProject
Global
	GlobalSection(SolutionConfigurationPlatforms) = preSolution
		Debug|Any CPU = Debug|Any CPU
		Release|Any CPU = Release|Any CPU
	EndGlobalSection
	GlobalSection(ProjectConfigurationPlatforms) = postSolution
		{70EC1915-9879-41B3-92D2-96CDABA8E815}.Debug|Any CPU.ActiveCfg = Debug|Any CPU
		{70EC1915-9879-41B3-92D2-96CDABA8E815}.Debug|Any CPU.Build.0 = Debug|Any CPU
		{70EC1915-9879-41B3-92D2-96CDABA8E815}.Release|Any CPU.ActiveCfg = Release|Any CPU
		{70EC1915-9879-41B3-92D2-96CDABA8E815}.Release|Any CPU.Build.0 = Release|Any CPU
	EndGlobalSection
	GlobalSection(SolutionProperties) = preSolution
		HideSolutionNode = FALSE
	EndGlobalSection
	GlobalSection(ExtensibilityGlobals) = postSolution
		SolutionGuid = {735CD84E-3392-4C09-AD42-DCF092A88BA0}
	EndGlobalSection
EndGlobal
